
Microsoft Visual Studio Solution File, Format Version 12.00
# Visual Studio Version 17
VisualStudioVersion = 17.14.36401.2 d17.14
MinimumVisualStudioVersion = 10.0.40219.1
Project("{FAE04EC0-301F-11D3-BF4B-00C04F79EFBC}") = "ImportQueue", "ImportQueue.csproj", "{35854845-14F9-47A8-A266-AFBE7F8BD8CF}"
EndProject
Global
	GlobalSection(SolutionConfigurationPlatforms) = preSolution
		Debug|Any CPU = Debug|Any CPU
		Release|Any CPU = Release|Any CPU
	EndGlobalSection
	GlobalSection(ProjectConfigurationPlatforms) = postSolution
		{35854845-14F9-47A8-A266-AFBE7F8BD8CF}.Debug|Any CPU.ActiveCfg = Debug|Any CPU
		{35854845-14F9-47A8-A266-AFBE7F8BD8CF}.Debug|Any CPU.Build.0 = Debug|Any CPU
		{35854845-14F9-47A8-A266-AFBE7F8BD8CF}.Release|Any CPU.ActiveCfg = Release|Any CPU
		{35854845-14F9-47A8-A266-AFBE7F8BD8CF}.Release|Any CPU.Build.0 = Release|Any CPU
	EndGlobalSection
	GlobalSection(SolutionProperties) = preSolution
		HideSolutionNode = FALSE
	EndGlobalSection
	GlobalSection(ExtensibilityGlobals) = postSolution
		SolutionGuid = {E35ABC7C-879A-4886-B41E-9B8056DA09A5}
	EndGlobalSection
EndGlobal
